
Microsoft Visual Studio Solution File, Format Version 12.00
# Visual Studio 15
VisualStudioVersion = 15.0.27703.2018
MinimumVisualStudioVersion = 10.0.40219.1
Project("{FAE04EC0-301F-11D3-BF4B-00C04F79EFBC}") = "SeriesDownloader", "SeriesDownloader\SeriesDownloader.csproj", "{651E0B97-7298-4259-8B34-AAF5BA4DFC07}"
EndProject
Global
	GlobalSection(SolutionConfigurationPlatforms) = preSolution
		Debug|Any CPU = Debug|Any CPU
		Release|Any CPU = Release|Any CPU
	EndGlobalSection
	GlobalSection(ProjectConfigurationPlatforms) = postSolution
		{651E0B97-7298-4259-8B34-AAF5BA4DFC07}.Debug|Any CPU.ActiveCfg = Debug|Any CPU
		{651E0B97-7298-4259-8B34-AAF5BA4DFC07}.Debug|Any CPU.Build.0 = Debug|Any CPU
		{651E0B97-7298-4259-8B34-AAF5BA4DFC07}.Release|Any CPU.ActiveCfg = Release|Any CPU
		{651E0B97-7298-4259-8B34-AAF5BA4DFC07}.Release|Any CPU.Build.0 = Release|Any CPU
	EndGlobalSection
	GlobalSection(SolutionProperties) = preSolution
		HideSolutionNode = FALSE
	EndGlobalSection
	GlobalSection(ExtensibilityGlobals) = postSolution
		SolutionGuid = {496169DC-9E2E-4FC1-921A-5C2279D52499}
	EndGlobalSection
EndGlobal
